
Microsoft Visual Studio Solution File, Format Version 12.00
# Visual Studio Version 16
VisualStudioVersion = 16.0.30523.141
MinimumVisualStudioVersion = 10.0.40219.1
Project("{FAE04EC0-301F-11D3-BF4B-00C04F79EFBC}") = "Core", "Core\Core.csproj", "{0EF1D73F-E7A0-40B0-803B-7CE4B6B27112}"
	ProjectSection(ProjectDependencies) = postProject
		{1A788A14-70D7-4B2B-96A3-086C86D0C925} = {1A788A14-70D7-4B2B-96A3-086C86D0C925}
		{30DE888B-A6B7-4528-AD89-324A7F9B0F4C} = {30DE888B-A6B7-4528-AD89-324A7F9B0F4C}
	EndProjectSection
EndProject
Project("{FAE04EC0-301F-11D3-BF4B-00C04F79EFBC}") = "Core.UnitTest", "Core.UnitTest\Core.UnitTest.csproj", "{750F795F-0C36-4CB3-9372-C4A5A716C635}"
EndProject
Project("{FAE04EC0-301F-11D3-BF4B-00C04F79EFBC}") = "Framework", "Framework\Framework.csproj", "{FAE228AA-4917-4B02-B239-0A24DF883898}"
EndProject
Project("{FAE04EC0-301F-11D3-BF4B-00C04F79EFBC}") = "Framework.Web", "Framework.Web\Framework.Web.csproj", "{90A1FD9F-6A85-4AD2-8523-1360034DCD76}"
EndProject
Project("{FAE04EC0-301F-11D3-BF4B-00C04F79EFBC}") = "Store.Core", "Store.Core\Store.Core.csproj", "{93FAAE2F-13AA-46DF-A94B-36155B51EBFA}"
EndProject
Project("{FAE04EC0-301F-11D3-BF4B-00C04F79EFBC}") = "Store.IntegrationTest", "Store.IntegrationTest\Store.IntegrationTest.csproj", "{C050AB68-0543-4A23-870C-2D07F872484B}"
	ProjectSection(ProjectDependencies) = postProject
		{006F1A29-952B-4264-8E91-0D445F74B183} = {006F1A29-952B-4264-8E91-0D445F74B183}
	EndProjectSection
EndProject
Project("{FAE04EC0-301F-11D3-BF4B-00C04F79EFBC}") = "Store.Jobs", "Store.Jobs\Store.Jobs.csproj", "{006F1A29-952B-4264-8E91-0D445F74B183}"
EndProject
Project("{FAE04EC0-301F-11D3-BF4B-00C04F79EFBC}") = "Store.Web", "Store.Web\Store.Web.csproj", "{5FF377F4-56C5-49D9-BA0A-1955A33C4902}"
EndProject
Project("{2150E333-8FDC-42A3-9474-1A3956D46DE8}") = "External", "External", "{28C18AAD-FD80-4AFD-9B42-B78D6409C955}"
	ProjectSection(SolutionItems) = preProject
		External\GlobalAssemblyInfo.cs = External\GlobalAssemblyInfo.cs
		..\LICENSE.txt = ..\LICENSE.txt
		..\NOTICE.txt = ..\NOTICE.txt
		..\README.md = ..\README.md
		External\UpdatePackageHintPaths.ps1 = External\UpdatePackageHintPaths.ps1
	EndProjectSection
EndProject
Project("{FAE04EC0-301F-11D3-BF4B-00C04F79EFBC}") = "Store.MongoDb.Common", "Store.MongoDb.Common\Store.MongoDb.Common.csproj", "{C1FE065B-5750-4D15-84D8-77DF756C52D8}"
EndProject
Project("{FAE04EC0-301F-11D3-BF4B-00C04F79EFBC}") = "Store.UserAdmin", "Store.UserAdmin\Store.UserAdmin.csproj", "{347D0962-B422-4ACB-97AA-4BB78854A282}"
EndProject
Project("{FAE04EC0-301F-11D3-BF4B-00C04F79EFBC}") = "Store.MongoDb", "Store.MongoDb\Store.MongoDb.csproj", "{692D27D9-2F4C-44A6-8D71-8B291E0DC1A3}"
EndProject
Project("{2150E333-8FDC-42A3-9474-1A3956D46DE8}") = "ETP.DevKit", "ETP.DevKit", "{66C87641-4BE6-47AD-9853-31F64CF7AF78}"
EndProject
Project("{FAE04EC0-301F-11D3-BF4B-00C04F79EFBC}") = "DevKit", "..\ext\etp-devkit\src\DevKit\DevKit.csproj", "{30DE888B-A6B7-4528-AD89-324A7F9B0F4C}"
	ProjectSection(ProjectDependencies) = postProject
		{1A788A14-70D7-4B2B-96A3-086C86D0C925} = {1A788A14-70D7-4B2B-96A3-086C86D0C925}
	EndProjectSection
EndProject
Project("{FAE04EC0-301F-11D3-BF4B-00C04F79EFBC}") = "ETP.Messages", "..\ext\etp-devkit\ext\etp.net\src\ETP.Messages\ETP.Messages.csproj", "{1A788A14-70D7-4B2B-96A3-086C86D0C925}"
EndProject
Project("{FAE04EC0-301F-11D3-BF4B-00C04F79EFBC}") = "DevKit.UnitTest", "..\ext\etp-devkit\src\DevKit.UnitTest\DevKit.UnitTest.csproj", "{BC953158-9584-45CF-BA13-10CE67348759}"
EndProject
Project("{2150E333-8FDC-42A3-9474-1A3956D46DE8}") = "Standards.DevKit", "Standards.DevKit", "{1E834426-897D-4D22-B8D1-E88048D8900B}"
EndProject
Project("{FAE04EC0-301F-11D3-BF4B-00C04F79EFBC}") = "DataAccess", "..\ext\devkit-c\source\DevKitGenerator\DataAccess\DataAccess.csproj", "{3F3D2683-6036-4C06-911D-2DB5C1682D91}"
EndProject
Project("{FAE04EC0-301F-11D3-BF4B-00C04F79EFBC}") = "DataAccess.WITSML", "..\ext\devkit-c\source\DevKitGenerator\DataAccess.WITSML\DataAccess.WITSML.csproj", "{8184E6C9-3746-40E5-8B81-6F24785C3739}"
EndProject
Project("{FAE04EC0-301F-11D3-BF4B-00C04F79EFBC}") = "DataAccess.RESQML", "..\ext\devkit-c\source\DevKitGenerator\DataAccess.RESQML\DataAccess.RESQML.csproj", "{6D7CDB8E-B137-4AD0-8A8D-7EEAAFB69960}"
EndProject
Project("{FAE04EC0-301F-11D3-BF4B-00C04F79EFBC}") = "DataAccess.PRODML", "..\ext\devkit-c\source\DevKitGenerator\DataAccess.PRODML\DataAccess.PRODML.csproj", "{57EA0F9F-5E9A-4788-9738-BE3381343E1A}"
EndProject
Project("{FAE04EC0-301F-11D3-BF4B-00C04F79EFBC}") = "Store.MongoDb.IntegrationTest", "Store.MongoDb.IntegrationTest\Store.MongoDb.IntegrationTest.csproj", "{F0BB0099-5016-4206-8385-312B9664DDEC}"
EndProject
Project("{FAE04EC0-301F-11D3-BF4B-00C04F79EFBC}") = "Store.Notifications", "Store.Notifications\Store.Notifications.csproj", "{987B6304-B4A6-4D57-ACC3-7209175286A6}"
EndProject
Project("{FAE04EC0-301F-11D3-BF4B-00C04F79EFBC}") = "Store", "Store\Store.csproj", "{9E51075C-D571-42F5-A311-0589231DBA9C}"
EndProject
Project("{2150E333-8FDC-42A3-9474-1A3956D46DE8}") = "PDS.WITSMLstudio.Store", "PDS.WITSMLstudio.Store", "{48304376-69F2-4300-9A11-003F54FEB9B7}"
EndProject
Project("{2150E333-8FDC-42A3-9474-1A3956D46DE8}") = "PDS.WITSMLstudio", "PDS.WITSMLstudio", "{BCEEE0C2-AA4F-442E-9F12-685768D68471}"
EndProject
Global
	GlobalSection(SolutionConfigurationPlatforms) = preSolution
		Debug|Any CPU = Debug|Any CPU
		Debug|x86 = Debug|x86
		Release|Any CPU = Release|Any CPU
		Release|x86 = Release|x86
	EndGlobalSection
	GlobalSection(ProjectConfigurationPlatforms) = postSolution
		{0EF1D73F-E7A0-40B0-803B-7CE4B6B27112}.Debug|Any CPU.ActiveCfg = Debug|Any CPU
		{0EF1D73F-E7A0-40B0-803B-7CE4B6B27112}.Debug|Any CPU.Build.0 = Debug|Any CPU
		{0EF1D73F-E7A0-40B0-803B-7CE4B6B27112}.Debug|x86.ActiveCfg = Debug|Any CPU
		{0EF1D73F-E7A0-40B0-803B-7CE4B6B27112}.Debug|x86.Build.0 = Debug|Any CPU
		{0EF1D73F-E7A0-40B0-803B-7CE4B6B27112}.Release|Any CPU.ActiveCfg = Release|Any CPU
		{0EF1D73F-E7A0-40B0-803B-7CE4B6B27112}.Release|Any CPU.Build.0 = Release|Any CPU
		{0EF1D73F-E7A0-40B0-803B-7CE4B6B27112}.Release|x86.ActiveCfg = Release|Any CPU
		{0EF1D73F-E7A0-40B0-803B-7CE4B6B27112}.Release|x86.Build.0 = Release|Any CPU
		{750F795F-0C36-4CB3-9372-C4A5A716C635}.Debug|Any CPU.ActiveCfg = Debug|Any CPU
		{750F795F-0C36-4CB3-9372-C4A5A716C635}.Debug|Any CPU.Build.0 = Debug|Any CPU
		{750F795F-0C36-4CB3-9372-C4A5A716C635}.Debug|x86.ActiveCfg = Debug|Any CPU
		{750F795F-0C36-4CB3-9372-C4A5A716C635}.Debug|x86.Build.0 = Debug|Any CPU
		{750F795F-0C36-4CB3-9372-C4A5A716C635}.Release|Any CPU.ActiveCfg = Release|Any CPU
		{750F795F-0C36-4CB3-9372-C4A5A716C635}.Release|Any CPU.Build.0 = Release|Any CPU
		{750F795F-0C36-4CB3-9372-C4A5A716C635}.Release|x86.ActiveCfg = Release|Any CPU
		{750F795F-0C36-4CB3-9372-C4A5A716C635}.Release|x86.Build.0 = Release|Any CPU
		{FAE228AA-4917-4B02-B239-0A24DF883898}.Debug|Any CPU.ActiveCfg = Debug|Any CPU
		{FAE228AA-4917-4B02-B239-0A24DF883898}.Debug|Any CPU.Build.0 = Debug|Any CPU
		{FAE228AA-4917-4B02-B239-0A24DF883898}.Debug|x86.ActiveCfg = Debug|Any CPU
		{FAE228AA-4917-4B02-B239-0A24DF883898}.Debug|x86.Build.0 = Debug|Any CPU
		{FAE228AA-4917-4B02-B239-0A24DF883898}.Release|Any CPU.ActiveCfg = Release|Any CPU
		{FAE228AA-4917-4B02-B239-0A24DF883898}.Release|Any CPU.Build.0 = Release|Any CPU
		{FAE228AA-4917-4B02-B239-0A24DF883898}.Release|x86.ActiveCfg = Release|Any CPU
		{FAE228AA-4917-4B02-B239-0A24DF883898}.Release|x86.Build.0 = Release|Any CPU
		{90A1FD9F-6A85-4AD2-8523-1360034DCD76}.Debug|Any CPU.ActiveCfg = Debug|Any CPU
		{90A1FD9F-6A85-4AD2-8523-1360034DCD76}.Debug|Any CPU.Build.0 = Debug|Any CPU
		{90A1FD9F-6A85-4AD2-8523-1360034DCD76}.Debug|x86.ActiveCfg = Debug|Any CPU
		{90A1FD9F-6A85-4AD2-8523-1360034DCD76}.Debug|x86.Build.0 = Debug|Any CPU
		{90A1FD9F-6A85-4AD2-8523-1360034DCD76}.Release|Any CPU.ActiveCfg = Release|Any CPU
		{90A1FD9F-6A85-4AD2-8523-1360034DCD76}.Release|Any CPU.Build.0 = Release|Any CPU
		{90A1FD9F-6A85-4AD2-8523-1360034DCD76}.Release|x86.ActiveCfg = Release|Any CPU
		{90A1FD9F-6A85-4AD2-8523-1360034DCD76}.Release|x86.Build.0 = Release|Any CPU
		{93FAAE2F-13AA-46DF-A94B-36155B51EBFA}.Debug|Any CPU.ActiveCfg = Debug|Any CPU
		{93FAAE2F-13AA-46DF-A94B-36155B51EBFA}.Debug|Any CPU.Build.0 = Debug|Any CPU
		{93FAAE2F-13AA-46DF-A94B-36155B51EBFA}.Debug|x86.ActiveCfg = Debug|Any CPU
		{93FAAE2F-13AA-46DF-A94B-36155B51EBFA}.Debug|x86.Build.0 = Debug|Any CPU
		{93FAAE2F-13AA-46DF-A94B-36155B51EBFA}.Release|Any CPU.ActiveCfg = Release|Any CPU
		{93FAAE2F-13AA-46DF-A94B-36155B51EBFA}.Release|Any CPU.Build.0 = Release|Any CPU
		{93FAAE2F-13AA-46DF-A94B-36155B51EBFA}.Release|x86.ActiveCfg = Release|Any CPU
		{93FAAE2F-13AA-46DF-A94B-36155B51EBFA}.Release|x86.Build.0 = Release|Any CPU
		{C050AB68-0543-4A23-870C-2D07F872484B}.Debug|Any CPU.ActiveCfg = Debug|Any CPU
		{C050AB68-0543-4A23-870C-2D07F872484B}.Debug|Any CPU.Build.0 = Debug|Any CPU
		{C050AB68-0543-4A23-870C-2D07F872484B}.Debug|x86.ActiveCfg = Debug|Any CPU
		{C050AB68-0543-4A23-870C-2D07F872484B}.Debug|x86.Build.0 = Debug|Any CPU
		{C050AB68-0543-4A23-870C-2D07F872484B}.Release|Any CPU.ActiveCfg = Release|Any CPU
		{C050AB68-0543-4A23-870C-2D07F872484B}.Release|Any CPU.Build.0 = Release|Any CPU
		{C050AB68-0543-4A23-870C-2D07F872484B}.Release|x86.ActiveCfg = Release|Any CPU
		{C050AB68-0543-4A23-870C-2D07F872484B}.Release|x86.Build.0 = Release|Any CPU
		{006F1A29-952B-4264-8E91-0D445F74B183}.Debug|Any CPU.ActiveCfg = Debug|Any CPU
		{006F1A29-952B-4264-8E91-0D445F74B183}.Debug|Any CPU.Build.0 = Debug|Any CPU
		{006F1A29-952B-4264-8E91-0D445F74B183}.Debug|x86.ActiveCfg = Debug|Any CPU
		{006F1A29-952B-4264-8E91-0D445F74B183}.Debug|x86.Build.0 = Debug|Any CPU
		{006F1A29-952B-4264-8E91-0D445F74B183}.Release|Any CPU.ActiveCfg = Release|Any CPU
		{006F1A29-952B-4264-8E91-0D445F74B183}.Release|Any CPU.Build.0 = Release|Any CPU
		{006F1A29-952B-4264-8E91-0D445F74B183}.Release|x86.ActiveCfg = Release|Any CPU
		{006F1A29-952B-4264-8E91-0D445F74B183}.Release|x86.Build.0 = Release|Any CPU
		{5FF377F4-56C5-49D9-BA0A-1955A33C4902}.Debug|Any CPU.ActiveCfg = Debug|Any CPU
		{5FF377F4-56C5-49D9-BA0A-1955A33C4902}.Debug|Any CPU.Build.0 = Debug|Any CPU
		{5FF377F4-56C5-49D9-BA0A-1955A33C4902}.Debug|x86.ActiveCfg = Debug|Any CPU
		{5FF377F4-56C5-49D9-BA0A-1955A33C4902}.Debug|x86.Build.0 = Debug|Any CPU
		{5FF377F4-56C5-49D9-BA0A-1955A33C4902}.Release|Any CPU.ActiveCfg = Release|Any CPU
		{5FF377F4-56C5-49D9-BA0A-1955A33C4902}.Release|Any CPU.Build.0 = Release|Any CPU
		{5FF377F4-56C5-49D9-BA0A-1955A33C4902}.Release|x86.ActiveCfg = Release|Any CPU
		{5FF377F4-56C5-49D9-BA0A-1955A33C4902}.Release|x86.Build.0 = Release|Any CPU
		{C1FE065B-5750-4D15-84D8-77DF756C52D8}.Debug|Any CPU.ActiveCfg = Debug|Any CPU
		{C1FE065B-5750-4D15-84D8-77DF756C52D8}.Debug|Any CPU.Build.0 = Debug|Any CPU
		{C1FE065B-5750-4D15-84D8-77DF756C52D8}.Debug|x86.ActiveCfg = Debug|Any CPU
		{C1FE065B-5750-4D15-84D8-77DF756C52D8}.Debug|x86.Build.0 = Debug|Any CPU
		{C1FE065B-5750-4D15-84D8-77DF756C52D8}.Release|Any CPU.ActiveCfg = Release|Any CPU
		{C1FE065B-5750-4D15-84D8-77DF756C52D8}.Release|Any CPU.Build.0 = Release|Any CPU
		{C1FE065B-5750-4D15-84D8-77DF756C52D8}.Release|x86.ActiveCfg = Release|Any CPU
		{C1FE065B-5750-4D15-84D8-77DF756C52D8}.Release|x86.Build.0 = Release|Any CPU
		{347D0962-B422-4ACB-97AA-4BB78854A282}.Debug|Any CPU.ActiveCfg = Debug|Any CPU
		{347D0962-B422-4ACB-97AA-4BB78854A282}.Debug|Any CPU.Build.0 = Debug|Any CPU
		{347D0962-B422-4ACB-97AA-4BB78854A282}.Debug|x86.ActiveCfg = Debug|Any CPU
		{347D0962-B422-4ACB-97AA-4BB78854A282}.Debug|x86.Build.0 = Debug|Any CPU
		{347D0962-B422-4ACB-97AA-4BB78854A282}.Release|Any CPU.ActiveCfg = Release|Any CPU
		{347D0962-B422-4ACB-97AA-4BB78854A282}.Release|Any CPU.Build.0 = Release|Any CPU
		{347D0962-B422-4ACB-97AA-4BB78854A282}.Release|x86.ActiveCfg = Release|Any CPU
		{347D0962-B422-4ACB-97AA-4BB78854A282}.Release|x86.Build.0 = Release|Any CPU
		{692D27D9-2F4C-44A6-8D71-8B291E0DC1A3}.Debug|Any CPU.ActiveCfg = Debug|Any CPU
		{692D27D9-2F4C-44A6-8D71-8B291E0DC1A3}.Debug|Any CPU.Build.0 = Debug|Any CPU
		{692D27D9-2F4C-44A6-8D71-8B291E0DC1A3}.Debug|x86.ActiveCfg = Debug|Any CPU
		{692D27D9-2F4C-44A6-8D71-8B291E0DC1A3}.Debug|x86.Build.0 = Debug|Any CPU
		{692D27D9-2F4C-44A6-8D71-8B291E0DC1A3}.Release|Any CPU.ActiveCfg = Release|Any CPU
		{692D27D9-2F4C-44A6-8D71-8B291E0DC1A3}.Release|Any CPU.Build.0 = Release|Any CPU
		{692D27D9-2F4C-44A6-8D71-8B291E0DC1A3}.Release|x86.ActiveCfg = Release|Any CPU
		{692D27D9-2F4C-44A6-8D71-8B291E0DC1A3}.Release|x86.Build.0 = Release|Any CPU
		{30DE888B-A6B7-4528-AD89-324A7F9B0F4C}.Debug|Any CPU.ActiveCfg = Debug|Any CPU
		{30DE888B-A6B7-4528-AD89-324A7F9B0F4C}.Debug|Any CPU.Build.0 = Debug|Any CPU
		{30DE888B-A6B7-4528-AD89-324A7F9B0F4C}.Debug|x86.ActiveCfg = Debug|Any CPU
		{30DE888B-A6B7-4528-AD89-324A7F9B0F4C}.Debug|x86.Build.0 = Debug|Any CPU
		{30DE888B-A6B7-4528-AD89-324A7F9B0F4C}.Release|Any CPU.ActiveCfg = Release|Any CPU
		{30DE888B-A6B7-4528-AD89-324A7F9B0F4C}.Release|Any CPU.Build.0 = Release|Any CPU
		{30DE888B-A6B7-4528-AD89-324A7F9B0F4C}.Release|x86.ActiveCfg = Release|Any CPU
		{30DE888B-A6B7-4528-AD89-324A7F9B0F4C}.Release|x86.Build.0 = Release|Any CPU
		{1A788A14-70D7-4B2B-96A3-086C86D0C925}.Debug|Any CPU.ActiveCfg = Debug|Any CPU
		{1A788A14-70D7-4B2B-96A3-086C86D0C925}.Debug|Any CPU.Build.0 = Debug|Any CPU
		{1A788A14-70D7-4B2B-96A3-086C86D0C925}.Debug|x86.ActiveCfg = Debug|Any CPU
		{1A788A14-70D7-4B2B-96A3-086C86D0C925}.Debug|x86.Build.0 = Debug|Any CPU
		{1A788A14-70D7-4B2B-96A3-086C86D0C925}.Release|Any CPU.ActiveCfg = Release|Any CPU
		{1A788A14-70D7-4B2B-96A3-086C86D0C925}.Release|Any CPU.Build.0 = Release|Any CPU
		{1A788A14-70D7-4B2B-96A3-086C86D0C925}.Release|x86.ActiveCfg = Release|Any CPU
		{1A788A14-70D7-4B2B-96A3-086C86D0C925}.Release|x86.Build.0 = Release|Any CPU
		{BC953158-9584-45CF-BA13-10CE67348759}.Debug|Any CPU.ActiveCfg = Debug|Any CPU
		{BC953158-9584-45CF-BA13-10CE67348759}.Debug|Any CPU.Build.0 = Debug|Any CPU
		{BC953158-9584-45CF-BA13-10CE67348759}.Debug|x86.ActiveCfg = Debug|Any CPU
		{BC953158-9584-45CF-BA13-10CE67348759}.Debug|x86.Build.0 = Debug|Any CPU
		{BC953158-9584-45CF-BA13-10CE67348759}.Release|Any CPU.ActiveCfg = Release|Any CPU
		{BC953158-9584-45CF-BA13-10CE67348759}.Release|Any CPU.Build.0 = Release|Any CPU
		{BC953158-9584-45CF-BA13-10CE67348759}.Release|x86.ActiveCfg = Release|Any CPU
		{BC953158-9584-45CF-BA13-10CE67348759}.Release|x86.Build.0 = Release|Any CPU
		{3F3D2683-6036-4C06-911D-2DB5C1682D91}.Debug|Any CPU.ActiveCfg = Debug|Any CPU
		{3F3D2683-6036-4C06-911D-2DB5C1682D91}.Debug|Any CPU.Build.0 = Debug|Any CPU
		{3F3D2683-6036-4C06-911D-2DB5C1682D91}.Debug|x86.ActiveCfg = Debug|Any CPU
		{3F3D2683-6036-4C06-911D-2DB5C1682D91}.Debug|x86.Build.0 = Debug|Any CPU
		{3F3D2683-6036-4C06-911D-2DB5C1682D91}.Release|Any CPU.ActiveCfg = Release|Any CPU
		{3F3D2683-6036-4C06-911D-2DB5C1682D91}.Release|Any CPU.Build.0 = Release|Any CPU
		{3F3D2683-6036-4C06-911D-2DB5C1682D91}.Release|x86.ActiveCfg = Release|Any CPU
		{3F3D2683-6036-4C06-911D-2DB5C1682D91}.Release|x86.Build.0 = Release|Any CPU
		{8184E6C9-3746-40E5-8B81-6F24785C3739}.Debug|Any CPU.ActiveCfg = Debug|Any CPU
		{8184E6C9-3746-40E5-8B81-6F24785C3739}.Debug|Any CPU.Build.0 = Debug|Any CPU
		{8184E6C9-3746-40E5-8B81-6F24785C3739}.Debug|x86.ActiveCfg = Debug|Any CPU
		{8184E6C9-3746-40E5-8B81-6F24785C3739}.Debug|x86.Build.0 = Debug|Any CPU
		{8184E6C9-3746-40E5-8B81-6F24785C3739}.Release|Any CPU.ActiveCfg = Release|Any CPU
		{8184E6C9-3746-40E5-8B81-6F24785C3739}.Release|Any CPU.Build.0 = Release|Any CPU
		{8184E6C9-3746-40E5-8B81-6F24785C3739}.Release|x86.ActiveCfg = Release|Any CPU
		{8184E6C9-3746-40E5-8B81-6F24785C3739}.Release|x86.Build.0 = Release|Any CPU
		{6D7CDB8E-B137-4AD0-8A8D-7EEAAFB69960}.Debug|Any CPU.ActiveCfg = Debug|Any CPU
		{6D7CDB8E-B137-4AD0-8A8D-7EEAAFB69960}.Debug|Any CPU.Build.0 = Debug|Any CPU
		{6D7CDB8E-B137-4AD0-8A8D-7EEAAFB69960}.Debug|x86.ActiveCfg = Debug|Any CPU
		{6D7CDB8E-B137-4AD0-8A8D-7EEAAFB69960}.Debug|x86.Build.0 = Debug|Any CPU
		{6D7CDB8E-B137-4AD0-8A8D-7EEAAFB69960}.Release|Any CPU.ActiveCfg = Release|Any CPU
		{6D7CDB8E-B137-4AD0-8A8D-7EEAAFB69960}.Release|Any CPU.Build.0 = Release|Any CPU
		{6D7CDB8E-B137-4AD0-8A8D-7EEAAFB69960}.Release|x86.ActiveCfg = Release|Any CPU
		{6D7CDB8E-B137-4AD0-8A8D-7EEAAFB69960}.Release|x86.Build.0 = Release|Any CPU
		{57EA0F9F-5E9A-4788-9738-BE3381343E1A}.Debug|Any CPU.ActiveCfg = Debug|Any CPU
		{57EA0F9F-5E9A-4788-9738-BE3381343E1A}.Debug|Any CPU.Build.0 = Debug|Any CPU
		{57EA0F9F-5E9A-4788-9738-BE3381343E1A}.Debug|x86.ActiveCfg = Debug|Any CPU
		{57EA0F9F-5E9A-4788-9738-BE3381343E1A}.Debug|x86.Build.0 = Debug|Any CPU
		{57EA0F9F-5E9A-4788-9738-BE3381343E1A}.Release|Any CPU.ActiveCfg = Release|Any CPU
		{57EA0F9F-5E9A-4788-9738-BE3381343E1A}.Release|Any CPU.Build.0 = Release|Any CPU
		{57EA0F9F-5E9A-4788-9738-BE3381343E1A}.Release|x86.ActiveCfg = Release|Any CPU
		{57EA0F9F-5E9A-4788-9738-BE3381343E1A}.Release|x86.Build.0 = Release|Any CPU
		{F0BB0099-5016-4206-8385-312B9664DDEC}.Debug|Any CPU.ActiveCfg = Debug|Any CPU
		{F0BB0099-5016-4206-8385-312B9664DDEC}.Debug|Any CPU.Build.0 = Debug|Any CPU
		{F0BB0099-5016-4206-8385-312B9664DDEC}.Debug|x86.ActiveCfg = Debug|Any CPU
		{F0BB0099-5016-4206-8385-312B9664DDEC}.Debug|x86.Build.0 = Debug|Any CPU
		{F0BB0099-5016-4206-8385-312B9664DDEC}.Release|Any CPU.ActiveCfg = Release|Any CPU
		{F0BB0099-5016-4206-8385-312B9664DDEC}.Release|Any CPU.Build.0 = Release|Any CPU
		{F0BB0099-5016-4206-8385-312B9664DDEC}.Release|x86.ActiveCfg = Release|Any CPU
		{F0BB0099-5016-4206-8385-312B9664DDEC}.Release|x86.Build.0 = Release|Any CPU
		{987B6304-B4A6-4D57-ACC3-7209175286A6}.Debug|Any CPU.ActiveCfg = Debug|Any CPU
		{987B6304-B4A6-4D57-ACC3-7209175286A6}.Debug|Any CPU.Build.0 = Debug|Any CPU
		{987B6304-B4A6-4D57-ACC3-7209175286A6}.Debug|x86.ActiveCfg = Debug|Any CPU
		{987B6304-B4A6-4D57-ACC3-7209175286A6}.Debug|x86.Build.0 = Debug|Any CPU
		{987B6304-B4A6-4D57-ACC3-7209175286A6}.Release|Any CPU.ActiveCfg = Release|Any CPU
		{987B6304-B4A6-4D57-ACC3-7209175286A6}.Release|Any CPU.Build.0 = Release|Any CPU
		{987B6304-B4A6-4D57-ACC3-7209175286A6}.Release|x86.ActiveCfg = Release|Any CPU
		{987B6304-B4A6-4D57-ACC3-7209175286A6}.Release|x86.Build.0 = Release|Any CPU
		{9E51075C-D571-42F5-A311-0589231DBA9C}.Debug|Any CPU.ActiveCfg = Debug|Any CPU
		{9E51075C-D571-42F5-A311-0589231DBA9C}.Debug|Any CPU.Build.0 = Debug|Any CPU
		{9E51075C-D571-42F5-A311-0589231DBA9C}.Debug|x86.ActiveCfg = Debug|Any CPU
		{9E51075C-D571-42F5-A311-0589231DBA9C}.Debug|x86.Build.0 = Debug|Any CPU
		{9E51075C-D571-42F5-A311-0589231DBA9C}.Release|Any CPU.ActiveCfg = Release|Any CPU
		{9E51075C-D571-42F5-A311-0589231DBA9C}.Release|Any CPU.Build.0 = Release|Any CPU
		{9E51075C-D571-42F5-A311-0589231DBA9C}.Release|x86.ActiveCfg = Release|Any CPU
		{9E51075C-D571-42F5-A311-0589231DBA9C}.Release|x86.Build.0 = Release|Any CPU
	EndGlobalSection
	GlobalSection(SolutionProperties) = preSolution
		HideSolutionNode = FALSE
	EndGlobalSection
	GlobalSection(NestedProjects) = preSolution
		{0EF1D73F-E7A0-40B0-803B-7CE4B6B27112} = {BCEEE0C2-AA4F-442E-9F12-685768D68471}
		{750F795F-0C36-4CB3-9372-C4A5A716C635} = {BCEEE0C2-AA4F-442E-9F12-685768D68471}
		{FAE228AA-4917-4B02-B239-0A24DF883898} = {BCEEE0C2-AA4F-442E-9F12-685768D68471}
		{90A1FD9F-6A85-4AD2-8523-1360034DCD76} = {BCEEE0C2-AA4F-442E-9F12-685768D68471}
		{93FAAE2F-13AA-46DF-A94B-36155B51EBFA} = {48304376-69F2-4300-9A11-003F54FEB9B7}
		{C050AB68-0543-4A23-870C-2D07F872484B} = {48304376-69F2-4300-9A11-003F54FEB9B7}
		{006F1A29-952B-4264-8E91-0D445F74B183} = {48304376-69F2-4300-9A11-003F54FEB9B7}
		{5FF377F4-56C5-49D9-BA0A-1955A33C4902} = {48304376-69F2-4300-9A11-003F54FEB9B7}
		{C1FE065B-5750-4D15-84D8-77DF756C52D8} = {48304376-69F2-4300-9A11-003F54FEB9B7}
		{347D0962-B422-4ACB-97AA-4BB78854A282} = {48304376-69F2-4300-9A11-003F54FEB9B7}
		{692D27D9-2F4C-44A6-8D71-8B291E0DC1A3} = {48304376-69F2-4300-9A11-003F54FEB9B7}
		{30DE888B-A6B7-4528-AD89-324A7F9B0F4C} = {66C87641-4BE6-47AD-9853-31F64CF7AF78}
		{1A788A14-70D7-4B2B-96A3-086C86D0C925} = {66C87641-4BE6-47AD-9853-31F64CF7AF78}
		{BC953158-9584-45CF-BA13-10CE67348759} = {66C87641-4BE6-47AD-9853-31F64CF7AF78}
		{3F3D2683-6036-4C06-911D-2DB5C1682D91} = {1E834426-897D-4D22-B8D1-E88048D8900B}
		{8184E6C9-3746-40E5-8B81-6F24785C3739} = {1E834426-897D-4D22-B8D1-E88048D8900B}
		{6D7CDB8E-B137-4AD0-8A8D-7EEAAFB69960} = {1E834426-897D-4D22-B8D1-E88048D8900B}
		{57EA0F9F-5E9A-4788-9738-BE3381343E1A} = {1E834426-897D-4D22-B8D1-E88048D8900B}
		{F0BB0099-5016-4206-8385-312B9664DDEC} = {48304376-69F2-4300-9A11-003F54FEB9B7}
		{987B6304-B4A6-4D57-ACC3-7209175286A6} = {48304376-69F2-4300-9A11-003F54FEB9B7}
	EndGlobalSection
	GlobalSection(ExtensibilityGlobals) = postSolution
		SolutionGuid = {D96FB7B6-A780-431B-90DE-BBB91B80FDE6}
	EndGlobalSection
EndGlobal
