
Microsoft Visual Studio Solution File, Format Version 12.00
# Visual Studio 14
VisualStudioVersion = 14.0.25123.0
MinimumVisualStudioVersion = 10.0.40219.1
Project("{FAE04EC0-301F-11D3-BF4B-00C04F79EFBC}") = "Witsml", "Witsml\Witsml.csproj", "{0EF1D73F-E7A0-40B0-803B-7CE4B6B27112}"
EndProject
Project("{FAE04EC0-301F-11D3-BF4B-00C04F79EFBC}") = "Framework", "Framework\Framework.csproj", "{FAE228AA-4917-4B02-B239-0A24DF883898}"
EndProject
Project("{FAE04EC0-301F-11D3-BF4B-00C04F79EFBC}") = "Witsml.Server", "Witsml.Server\Witsml.Server.csproj", "{93FAAE2F-13AA-46DF-A94B-36155B51EBFA}"
EndProject
Project("{FAE04EC0-301F-11D3-BF4B-00C04F79EFBC}") = "Witsml.Server.TestApp", "Witsml.Server.TestApp\Witsml.Server.TestApp.csproj", "{9228A7A0-E26C-494F-8C78-C76E204E5B30}"
	ProjectSection(ProjectDependencies) = postProject
		{692D27D9-2F4C-44A6-8D71-8B291E0DC1A3} = {692D27D9-2F4C-44A6-8D71-8B291E0DC1A3}
	EndProjectSection
EndProject
Project("{FAE04EC0-301F-11D3-BF4B-00C04F79EFBC}") = "Witsml.Client", "Witsml.Client\Witsml.Client.csproj", "{04268F2A-CC3C-4DEC-8343-B627548BD627}"
EndProject
Project("{FAE04EC0-301F-11D3-BF4B-00C04F79EFBC}") = "Witsml.Web", "Witsml.Web\Witsml.Web.csproj", "{9E51075C-D571-42F5-A311-0589231DBA9C}"
	ProjectSection(ProjectDependencies) = postProject
		{9228A7A0-E26C-494F-8C78-C76E204E5B30} = {9228A7A0-E26C-494F-8C78-C76E204E5B30}
	EndProjectSection
EndProject
Project("{FAE04EC0-301F-11D3-BF4B-00C04F79EFBC}") = "Framework.Web", "Framework.Web\Framework.Web.csproj", "{90A1FD9F-6A85-4AD2-8523-1360034DCD76}"
EndProject
Project("{FAE04EC0-301F-11D3-BF4B-00C04F79EFBC}") = "Witsml.UnitTest", "Witsml.UnitTest\Witsml.UnitTest.csproj", "{750F795F-0C36-4CB3-9372-C4A5A716C635}"
EndProject
Project("{FAE04EC0-301F-11D3-BF4B-00C04F79EFBC}") = "Witsml.Server.IntegrationTest", "Witsml.Server.IntegrationTest\Witsml.Server.IntegrationTest.csproj", "{C050AB68-0543-4A23-870C-2D07F872484B}"
EndProject
Project("{FAE04EC0-301F-11D3-BF4B-00C04F79EFBC}") = "Witsml.Server.MongoDb", "Witsml.Server.MongoDb\Witsml.Server.MongoDb.csproj", "{692D27D9-2F4C-44A6-8D71-8B291E0DC1A3}"
EndProject
Project("{FAE04EC0-301F-11D3-BF4B-00C04F79EFBC}") = "Witsml.Server.MongoDb.IntegrationTest", "Witsml.Server.MongoDb.IntegrationTest\Witsml.Server.MongoDb.IntegrationTest.csproj", "{F0BB0099-5016-4206-8385-312B9664DDEC}"
EndProject
Project("{FAE04EC0-301F-11D3-BF4B-00C04F79EFBC}") = "Witsml.Studio", "Witsml.Studio\Witsml.Studio.csproj", "{E7531DA0-51BD-4C58-B020-FFCE2DFBCED6}"
	ProjectSection(ProjectDependencies) = postProject
		{5F8F5AC8-680A-4097-9CF2-AB5A97B3BFDF} = {5F8F5AC8-680A-4097-9CF2-AB5A97B3BFDF}
	EndProjectSection
EndProject
Project("{FAE04EC0-301F-11D3-BF4B-00C04F79EFBC}") = "Witsml.Studio.Plugins.WitsmlBrowser", "Witsml.Studio.Plugins.WitsmlBrowser\Witsml.Studio.Plugins.WitsmlBrowser.csproj", "{7522280E-7550-493D-8CEA-2E73C623E93D}"
EndProject
Project("{FAE04EC0-301F-11D3-BF4B-00C04F79EFBC}") = "Witsml.Studio.Plugins.EtpBrowser", "Witsml.Studio.Plugins.EtpBrowser\Witsml.Studio.Plugins.EtpBrowser.csproj", "{10B0E721-A583-4E11-B6A7-DEABD739CD98}"
EndProject
Project("{FAE04EC0-301F-11D3-BF4B-00C04F79EFBC}") = "Witsml.Studio.Plugins.DataReplay", "Witsml.Studio.Plugins.DataReplay\Witsml.Studio.Plugins.DataReplay.csproj", "{4B191A5D-0F2F-4DF1-AAD3-C0F2BE0032D2}"
EndProject
Project("{FAE04EC0-301F-11D3-BF4B-00C04F79EFBC}") = "Witsml.Client.IntegrationTest", "Witsml.Client.IntegrationTest\Witsml.Client.IntegrationTest.csproj", "{197A29DC-9817-4F79-AD95-D9C1432FD328}"
EndProject
Project("{FAE04EC0-301F-11D3-BF4B-00C04F79EFBC}") = "WebSockets", "WebSockets\WebSockets.csproj", "{30DE888B-A6B7-4528-AD89-324A7F9B0F4C}"
EndProject
Project("{FAE04EC0-301F-11D3-BF4B-00C04F79EFBC}") = "WebSockets.TestApp", "WebSockets.TestApp\WebSockets.TestApp.csproj", "{6DCD4AA3-AA28-49A8-BCA9-99D534B34864}"
EndProject
Project("{FAE04EC0-301F-11D3-BF4B-00C04F79EFBC}") = "Witsml.Studio.UnitTest", "Witsml.Studio.UnitTest\Witsml.Studio.UnitTest.csproj", "{F3143AD1-3139-4449-B07C-68D834E4EE36}"
EndProject
Project("{FAE04EC0-301F-11D3-BF4B-00C04F79EFBC}") = "Witsml.Studio.IntegrationTest", "Witsml.Studio.IntegrationTest\Witsml.Studio.IntegrationTest.csproj", "{84C06B18-C1D6-4AD1-AA4D-7B08872B8D8F}"
EndProject
Project("{FAE04EC0-301F-11D3-BF4B-00C04F79EFBC}") = "WebSockets.UnitTest", "WebSockets.UnitTest\WebSockets.UnitTest.csproj", "{BC953158-9584-45CF-BA13-10CE67348759}"
EndProject
Project("{FAE04EC0-301F-11D3-BF4B-00C04F79EFBC}") = "WebSockets.IntegrationTest", "WebSockets.IntegrationTest\WebSockets.IntegrationTest.csproj", "{067456C0-086C-46A8-B37F-1405717B7BFC}"
EndProject
Project("{FAE04EC0-301F-11D3-BF4B-00C04F79EFBC}") = "Witsml.Studio.Plugins.ObjectInspector", "Witsml.Studio.Plugins.ObjectInspector\Witsml.Studio.Plugins.ObjectInspector.csproj", "{C17BF64B-B129-4CBC-91DF-69F1EBD4365E}"
EndProject
Project("{FAE04EC0-301F-11D3-BF4B-00C04F79EFBC}") = "Witsml.Studio.Core", "Witsml.Studio.Core\Witsml.Studio.Core.csproj", "{5F8F5AC8-680A-4097-9CF2-AB5A97B3BFDF}"
EndProject
Global
	GlobalSection(SolutionConfigurationPlatforms) = preSolution
		Debug|Any CPU = Debug|Any CPU
		Release|Any CPU = Release|Any CPU
	EndGlobalSection
	GlobalSection(ProjectConfigurationPlatforms) = postSolution
		{0EF1D73F-E7A0-40B0-803B-7CE4B6B27112}.Debug|Any CPU.ActiveCfg = Debug|Any CPU
		{0EF1D73F-E7A0-40B0-803B-7CE4B6B27112}.Debug|Any CPU.Build.0 = Debug|Any CPU
		{0EF1D73F-E7A0-40B0-803B-7CE4B6B27112}.Release|Any CPU.ActiveCfg = Release|Any CPU
		{0EF1D73F-E7A0-40B0-803B-7CE4B6B27112}.Release|Any CPU.Build.0 = Release|Any CPU
		{FAE228AA-4917-4B02-B239-0A24DF883898}.Debug|Any CPU.ActiveCfg = Debug|Any CPU
		{FAE228AA-4917-4B02-B239-0A24DF883898}.Debug|Any CPU.Build.0 = Debug|Any CPU
		{FAE228AA-4917-4B02-B239-0A24DF883898}.Release|Any CPU.ActiveCfg = Release|Any CPU
		{FAE228AA-4917-4B02-B239-0A24DF883898}.Release|Any CPU.Build.0 = Release|Any CPU
		{93FAAE2F-13AA-46DF-A94B-36155B51EBFA}.Debug|Any CPU.ActiveCfg = Debug|Any CPU
		{93FAAE2F-13AA-46DF-A94B-36155B51EBFA}.Debug|Any CPU.Build.0 = Debug|Any CPU
		{93FAAE2F-13AA-46DF-A94B-36155B51EBFA}.Release|Any CPU.ActiveCfg = Release|Any CPU
		{93FAAE2F-13AA-46DF-A94B-36155B51EBFA}.Release|Any CPU.Build.0 = Release|Any CPU
		{9228A7A0-E26C-494F-8C78-C76E204E5B30}.Debug|Any CPU.ActiveCfg = Debug|Any CPU
		{9228A7A0-E26C-494F-8C78-C76E204E5B30}.Debug|Any CPU.Build.0 = Debug|Any CPU
		{9228A7A0-E26C-494F-8C78-C76E204E5B30}.Release|Any CPU.ActiveCfg = Release|Any CPU
		{9228A7A0-E26C-494F-8C78-C76E204E5B30}.Release|Any CPU.Build.0 = Release|Any CPU
		{04268F2A-CC3C-4DEC-8343-B627548BD627}.Debug|Any CPU.ActiveCfg = Debug|Any CPU
		{04268F2A-CC3C-4DEC-8343-B627548BD627}.Debug|Any CPU.Build.0 = Debug|Any CPU
		{04268F2A-CC3C-4DEC-8343-B627548BD627}.Release|Any CPU.ActiveCfg = Release|Any CPU
		{04268F2A-CC3C-4DEC-8343-B627548BD627}.Release|Any CPU.Build.0 = Release|Any CPU
		{9E51075C-D571-42F5-A311-0589231DBA9C}.Debug|Any CPU.ActiveCfg = Debug|Any CPU
		{9E51075C-D571-42F5-A311-0589231DBA9C}.Debug|Any CPU.Build.0 = Debug|Any CPU
		{9E51075C-D571-42F5-A311-0589231DBA9C}.Release|Any CPU.ActiveCfg = Release|Any CPU
		{9E51075C-D571-42F5-A311-0589231DBA9C}.Release|Any CPU.Build.0 = Release|Any CPU
		{90A1FD9F-6A85-4AD2-8523-1360034DCD76}.Debug|Any CPU.ActiveCfg = Debug|Any CPU
		{90A1FD9F-6A85-4AD2-8523-1360034DCD76}.Debug|Any CPU.Build.0 = Debug|Any CPU
		{90A1FD9F-6A85-4AD2-8523-1360034DCD76}.Release|Any CPU.ActiveCfg = Release|Any CPU
		{90A1FD9F-6A85-4AD2-8523-1360034DCD76}.Release|Any CPU.Build.0 = Release|Any CPU
		{750F795F-0C36-4CB3-9372-C4A5A716C635}.Debug|Any CPU.ActiveCfg = Debug|Any CPU
		{750F795F-0C36-4CB3-9372-C4A5A716C635}.Debug|Any CPU.Build.0 = Debug|Any CPU
		{750F795F-0C36-4CB3-9372-C4A5A716C635}.Release|Any CPU.ActiveCfg = Release|Any CPU
		{750F795F-0C36-4CB3-9372-C4A5A716C635}.Release|Any CPU.Build.0 = Release|Any CPU
		{C050AB68-0543-4A23-870C-2D07F872484B}.Debug|Any CPU.ActiveCfg = Debug|Any CPU
		{C050AB68-0543-4A23-870C-2D07F872484B}.Debug|Any CPU.Build.0 = Debug|Any CPU
		{C050AB68-0543-4A23-870C-2D07F872484B}.Release|Any CPU.ActiveCfg = Release|Any CPU
		{C050AB68-0543-4A23-870C-2D07F872484B}.Release|Any CPU.Build.0 = Release|Any CPU
		{692D27D9-2F4C-44A6-8D71-8B291E0DC1A3}.Debug|Any CPU.ActiveCfg = Debug|Any CPU
		{692D27D9-2F4C-44A6-8D71-8B291E0DC1A3}.Debug|Any CPU.Build.0 = Debug|Any CPU
		{692D27D9-2F4C-44A6-8D71-8B291E0DC1A3}.Release|Any CPU.ActiveCfg = Release|Any CPU
		{692D27D9-2F4C-44A6-8D71-8B291E0DC1A3}.Release|Any CPU.Build.0 = Release|Any CPU
		{F0BB0099-5016-4206-8385-312B9664DDEC}.Debug|Any CPU.ActiveCfg = Debug|Any CPU
		{F0BB0099-5016-4206-8385-312B9664DDEC}.Debug|Any CPU.Build.0 = Debug|Any CPU
		{F0BB0099-5016-4206-8385-312B9664DDEC}.Release|Any CPU.ActiveCfg = Release|Any CPU
		{F0BB0099-5016-4206-8385-312B9664DDEC}.Release|Any CPU.Build.0 = Release|Any CPU
		{E7531DA0-51BD-4C58-B020-FFCE2DFBCED6}.Debug|Any CPU.ActiveCfg = Debug|Any CPU
		{E7531DA0-51BD-4C58-B020-FFCE2DFBCED6}.Debug|Any CPU.Build.0 = Debug|Any CPU
		{E7531DA0-51BD-4C58-B020-FFCE2DFBCED6}.Release|Any CPU.ActiveCfg = Release|Any CPU
		{E7531DA0-51BD-4C58-B020-FFCE2DFBCED6}.Release|Any CPU.Build.0 = Release|Any CPU
		{7522280E-7550-493D-8CEA-2E73C623E93D}.Debug|Any CPU.ActiveCfg = Debug|Any CPU
		{7522280E-7550-493D-8CEA-2E73C623E93D}.Debug|Any CPU.Build.0 = Debug|Any CPU
		{7522280E-7550-493D-8CEA-2E73C623E93D}.Release|Any CPU.ActiveCfg = Release|Any CPU
		{7522280E-7550-493D-8CEA-2E73C623E93D}.Release|Any CPU.Build.0 = Release|Any CPU
		{10B0E721-A583-4E11-B6A7-DEABD739CD98}.Debug|Any CPU.ActiveCfg = Debug|Any CPU
		{10B0E721-A583-4E11-B6A7-DEABD739CD98}.Debug|Any CPU.Build.0 = Debug|Any CPU
		{10B0E721-A583-4E11-B6A7-DEABD739CD98}.Release|Any CPU.ActiveCfg = Release|Any CPU
		{10B0E721-A583-4E11-B6A7-DEABD739CD98}.Release|Any CPU.Build.0 = Release|Any CPU
		{4B191A5D-0F2F-4DF1-AAD3-C0F2BE0032D2}.Debug|Any CPU.ActiveCfg = Debug|Any CPU
		{4B191A5D-0F2F-4DF1-AAD3-C0F2BE0032D2}.Debug|Any CPU.Build.0 = Debug|Any CPU
		{4B191A5D-0F2F-4DF1-AAD3-C0F2BE0032D2}.Release|Any CPU.ActiveCfg = Release|Any CPU
		{4B191A5D-0F2F-4DF1-AAD3-C0F2BE0032D2}.Release|Any CPU.Build.0 = Release|Any CPU
		{197A29DC-9817-4F79-AD95-D9C1432FD328}.Debug|Any CPU.ActiveCfg = Debug|Any CPU
		{197A29DC-9817-4F79-AD95-D9C1432FD328}.Debug|Any CPU.Build.0 = Debug|Any CPU
		{197A29DC-9817-4F79-AD95-D9C1432FD328}.Release|Any CPU.ActiveCfg = Release|Any CPU
		{197A29DC-9817-4F79-AD95-D9C1432FD328}.Release|Any CPU.Build.0 = Release|Any CPU
		{30DE888B-A6B7-4528-AD89-324A7F9B0F4C}.Debug|Any CPU.ActiveCfg = Debug|Any CPU
		{30DE888B-A6B7-4528-AD89-324A7F9B0F4C}.Debug|Any CPU.Build.0 = Debug|Any CPU
		{30DE888B-A6B7-4528-AD89-324A7F9B0F4C}.Release|Any CPU.ActiveCfg = Release|Any CPU
		{30DE888B-A6B7-4528-AD89-324A7F9B0F4C}.Release|Any CPU.Build.0 = Release|Any CPU
		{6DCD4AA3-AA28-49A8-BCA9-99D534B34864}.Debug|Any CPU.ActiveCfg = Debug|Any CPU
		{6DCD4AA3-AA28-49A8-BCA9-99D534B34864}.Debug|Any CPU.Build.0 = Debug|Any CPU
		{6DCD4AA3-AA28-49A8-BCA9-99D534B34864}.Release|Any CPU.ActiveCfg = Release|Any CPU
		{6DCD4AA3-AA28-49A8-BCA9-99D534B34864}.Release|Any CPU.Build.0 = Release|Any CPU
		{F3143AD1-3139-4449-B07C-68D834E4EE36}.Debug|Any CPU.ActiveCfg = Debug|Any CPU
		{F3143AD1-3139-4449-B07C-68D834E4EE36}.Debug|Any CPU.Build.0 = Debug|Any CPU
		{F3143AD1-3139-4449-B07C-68D834E4EE36}.Release|Any CPU.ActiveCfg = Release|Any CPU
		{F3143AD1-3139-4449-B07C-68D834E4EE36}.Release|Any CPU.Build.0 = Release|Any CPU
		{84C06B18-C1D6-4AD1-AA4D-7B08872B8D8F}.Debug|Any CPU.ActiveCfg = Debug|Any CPU
		{84C06B18-C1D6-4AD1-AA4D-7B08872B8D8F}.Debug|Any CPU.Build.0 = Debug|Any CPU
		{84C06B18-C1D6-4AD1-AA4D-7B08872B8D8F}.Release|Any CPU.ActiveCfg = Release|Any CPU
		{84C06B18-C1D6-4AD1-AA4D-7B08872B8D8F}.Release|Any CPU.Build.0 = Release|Any CPU
		{BC953158-9584-45CF-BA13-10CE67348759}.Debug|Any CPU.ActiveCfg = Debug|Any CPU
		{BC953158-9584-45CF-BA13-10CE67348759}.Debug|Any CPU.Build.0 = Debug|Any CPU
		{BC953158-9584-45CF-BA13-10CE67348759}.Release|Any CPU.ActiveCfg = Release|Any CPU
		{BC953158-9584-45CF-BA13-10CE67348759}.Release|Any CPU.Build.0 = Release|Any CPU
		{067456C0-086C-46A8-B37F-1405717B7BFC}.Debug|Any CPU.ActiveCfg = Debug|Any CPU
		{067456C0-086C-46A8-B37F-1405717B7BFC}.Debug|Any CPU.Build.0 = Debug|Any CPU
		{067456C0-086C-46A8-B37F-1405717B7BFC}.Release|Any CPU.ActiveCfg = Release|Any CPU
		{067456C0-086C-46A8-B37F-1405717B7BFC}.Release|Any CPU.Build.0 = Release|Any CPU
		{C17BF64B-B129-4CBC-91DF-69F1EBD4365E}.Debug|Any CPU.ActiveCfg = Debug|Any CPU
		{C17BF64B-B129-4CBC-91DF-69F1EBD4365E}.Debug|Any CPU.Build.0 = Debug|Any CPU
		{C17BF64B-B129-4CBC-91DF-69F1EBD4365E}.Release|Any CPU.ActiveCfg = Release|Any CPU
		{C17BF64B-B129-4CBC-91DF-69F1EBD4365E}.Release|Any CPU.Build.0 = Release|Any CPU
		{5F8F5AC8-680A-4097-9CF2-AB5A97B3BFDF}.Debug|Any CPU.ActiveCfg = Debug|Any CPU
		{5F8F5AC8-680A-4097-9CF2-AB5A97B3BFDF}.Debug|Any CPU.Build.0 = Debug|Any CPU
		{5F8F5AC8-680A-4097-9CF2-AB5A97B3BFDF}.Release|Any CPU.ActiveCfg = Release|Any CPU
		{5F8F5AC8-680A-4097-9CF2-AB5A97B3BFDF}.Release|Any CPU.Build.0 = Release|Any CPU
	EndGlobalSection
	GlobalSection(SolutionProperties) = preSolution
		HideSolutionNode = FALSE
	EndGlobalSection
EndGlobal
