
Microsoft Visual Studio Solution File, Format Version 12.00
# Visual Studio 14
VisualStudioVersion = 14.0.25123.0
MinimumVisualStudioVersion = 10.0.40219.1
Project("{FAE04EC0-301F-11D3-BF4B-00C04F79EFBC}") = "Witsml.Web", "Witsml.Web\Witsml.Web.csproj", "{9E51075C-D571-42F5-A311-0589231DBA9C}"
EndProject
Project("{FAE04EC0-301F-11D3-BF4B-00C04F79EFBC}") = "Witsml.Server.MongoDb", "Witsml.Server.MongoDb\Witsml.Server.MongoDb.csproj", "{692D27D9-2F4C-44A6-8D71-8B291E0DC1A3}"
EndProject
Project("{FAE04EC0-301F-11D3-BF4B-00C04F79EFBC}") = "Witsml.Server.MongoDb.IntegrationTest", "Witsml.Server.MongoDb.IntegrationTest\Witsml.Server.MongoDb.IntegrationTest.csproj", "{F0BB0099-5016-4206-8385-312B9664DDEC}"
EndProject
Project("{2150E333-8FDC-42A3-9474-1A3956D46DE8}") = "External", "External", "{B01AE4D3-D6E0-4E02-8051-FDB4AB7B7518}"
	ProjectSection(SolutionItems) = preProject
		External\GlobalAssemblyInfo.cs = External\GlobalAssemblyInfo.cs
	EndProjectSection
EndProject
Global
	GlobalSection(SolutionConfigurationPlatforms) = preSolution
		Debug|Any CPU = Debug|Any CPU
		Release|Any CPU = Release|Any CPU
	EndGlobalSection
	GlobalSection(ProjectConfigurationPlatforms) = postSolution
		{9E51075C-D571-42F5-A311-0589231DBA9C}.Debug|Any CPU.ActiveCfg = Debug|Any CPU
		{9E51075C-D571-42F5-A311-0589231DBA9C}.Debug|Any CPU.Build.0 = Debug|Any CPU
		{9E51075C-D571-42F5-A311-0589231DBA9C}.Release|Any CPU.ActiveCfg = Release|Any CPU
		{9E51075C-D571-42F5-A311-0589231DBA9C}.Release|Any CPU.Build.0 = Release|Any CPU
		{692D27D9-2F4C-44A6-8D71-8B291E0DC1A3}.Debug|Any CPU.ActiveCfg = Debug|Any CPU
		{692D27D9-2F4C-44A6-8D71-8B291E0DC1A3}.Debug|Any CPU.Build.0 = Debug|Any CPU
		{692D27D9-2F4C-44A6-8D71-8B291E0DC1A3}.Release|Any CPU.ActiveCfg = Release|Any CPU
		{692D27D9-2F4C-44A6-8D71-8B291E0DC1A3}.Release|Any CPU.Build.0 = Release|Any CPU
		{F0BB0099-5016-4206-8385-312B9664DDEC}.Debug|Any CPU.ActiveCfg = Debug|Any CPU
		{F0BB0099-5016-4206-8385-312B9664DDEC}.Debug|Any CPU.Build.0 = Debug|Any CPU
		{F0BB0099-5016-4206-8385-312B9664DDEC}.Release|Any CPU.ActiveCfg = Release|Any CPU
		{F0BB0099-5016-4206-8385-312B9664DDEC}.Release|Any CPU.Build.0 = Release|Any CPU
	EndGlobalSection
	GlobalSection(SolutionProperties) = preSolution
		HideSolutionNode = FALSE
	EndGlobalSection
EndGlobal
