
Microsoft Visual Studio Solution File, Format Version 12.00
# Visual Studio 14
VisualStudioVersion = 14.0.25420.1
MinimumVisualStudioVersion = 10.0.40219.1
Project("{FAE04EC0-301F-11D3-BF4B-00C04F79EFBC}") = "Store", "Store\Store.csproj", "{9E51075C-D571-42F5-A311-0589231DBA9C}"
EndProject
Project("{FAE04EC0-301F-11D3-BF4B-00C04F79EFBC}") = "Store.MongoDb.IntegrationTest", "Store.MongoDb.IntegrationTest\Store.MongoDb.IntegrationTest.csproj", "{F0BB0099-5016-4206-8385-312B9664DDEC}"
EndProject
Project("{2150E333-8FDC-42A3-9474-1A3956D46DE8}") = "External", "External", "{B01AE4D3-D6E0-4E02-8051-FDB4AB7B7518}"
	ProjectSection(SolutionItems) = preProject
		External\GlobalAssemblyInfo.cs = External\GlobalAssemblyInfo.cs
		..\LICENSE.txt = ..\LICENSE.txt
		..\NOTICE.txt = ..\NOTICE.txt
		..\README.md = ..\README.md
		External\UpdatePackageHintPaths.ps1 = External\UpdatePackageHintPaths.ps1
	EndProjectSection
EndProject
Project("{2150E333-8FDC-42A3-9474-1A3956D46DE8}") = "PDS.WITSMLstudio", "PDS.WITSMLstudio", "{A5268269-F5F0-4B28-A9B5-A2A86D45C916}"
EndProject
Project("{FAE04EC0-301F-11D3-BF4B-00C04F79EFBC}") = "Core", "..\ext\witsml\src\Core\Core.csproj", "{0EF1D73F-E7A0-40B0-803B-7CE4B6B27112}"
EndProject
Project("{FAE04EC0-301F-11D3-BF4B-00C04F79EFBC}") = "Core.UnitTest", "..\ext\witsml\src\Core.UnitTest\Core.UnitTest.csproj", "{750F795F-0C36-4CB3-9372-C4A5A716C635}"
EndProject
Project("{FAE04EC0-301F-11D3-BF4B-00C04F79EFBC}") = "Framework", "..\ext\witsml\src\Framework\Framework.csproj", "{FAE228AA-4917-4B02-B239-0A24DF883898}"
EndProject
Project("{FAE04EC0-301F-11D3-BF4B-00C04F79EFBC}") = "Framework.Web", "..\ext\witsml\src\Framework.Web\Framework.Web.csproj", "{90A1FD9F-6A85-4AD2-8523-1360034DCD76}"
EndProject
Project("{FAE04EC0-301F-11D3-BF4B-00C04F79EFBC}") = "Store.Core", "..\ext\witsml\src\Store.Core\Store.Core.csproj", "{93FAAE2F-13AA-46DF-A94B-36155B51EBFA}"
EndProject
Project("{FAE04EC0-301F-11D3-BF4B-00C04F79EFBC}") = "Store.IntegrationTest", "..\ext\witsml\src\Store.IntegrationTest\Store.IntegrationTest.csproj", "{C050AB68-0543-4A23-870C-2D07F872484B}"
EndProject
Project("{FAE04EC0-301F-11D3-BF4B-00C04F79EFBC}") = "Store.Jobs", "..\ext\witsml\src\Store.Jobs\Store.Jobs.csproj", "{006F1A29-952B-4264-8E91-0D445F74B183}"
EndProject
Project("{FAE04EC0-301F-11D3-BF4B-00C04F79EFBC}") = "Store.Web", "..\ext\witsml\src\Store.Web\Store.Web.csproj", "{5FF377F4-56C5-49D9-BA0A-1955A33C4902}"
EndProject
Project("{FAE04EC0-301F-11D3-BF4B-00C04F79EFBC}") = "Store.Notifications", "Store.Notifications\Store.Notifications.csproj", "{987B6304-B4A6-4D57-ACC3-7209175286A6}"
EndProject
Project("{FAE04EC0-301F-11D3-BF4B-00C04F79EFBC}") = "Store.MongoDb.Common", "..\ext\witsml\src\Store.MongoDb.Common\Store.MongoDb.Common.csproj", "{C1FE065B-5750-4D15-84D8-77DF756C52D8}"
EndProject
Project("{FAE04EC0-301F-11D3-BF4B-00C04F79EFBC}") = "Store.UserAdmin", "..\ext\witsml\src\Store.UserAdmin\Store.UserAdmin.csproj", "{347D0962-B422-4ACB-97AA-4BB78854A282}"
EndProject
Project("{FAE04EC0-301F-11D3-BF4B-00C04F79EFBC}") = "Store.MongoDb", "..\ext\witsml\src\Store.MongoDb\Store.MongoDb.csproj", "{692D27D9-2F4C-44A6-8D71-8B291E0DC1A3}"
EndProject
Project("{2150E333-8FDC-42A3-9474-1A3956D46DE8}") = "ETP.DevKit", "ETP.DevKit", "{8B46808F-ADCA-4536-B382-B4E5592D32D2}"
EndProject
Project("{FAE04EC0-301F-11D3-BF4B-00C04F79EFBC}") = "DevKit", "..\ext\witsml\ext\etp-devkit\src\DevKit\DevKit.csproj", "{30DE888B-A6B7-4528-AD89-324A7F9B0F4C}"
EndProject
Project("{FAE04EC0-301F-11D3-BF4B-00C04F79EFBC}") = "DevKit.UnitTest", "..\ext\witsml\ext\etp-devkit\src\DevKit.UnitTest\DevKit.UnitTest.csproj", "{BC953158-9584-45CF-BA13-10CE67348759}"
EndProject
Project("{FAE04EC0-301F-11D3-BF4B-00C04F79EFBC}") = "ETP.Messages", "..\ext\witsml\ext\etp-devkit\ext\etp.net\src\ETP.Messages\ETP.Messages.csproj", "{1A788A14-70D7-4B2B-96A3-086C86D0C925}"
EndProject
Global
	GlobalSection(SolutionConfigurationPlatforms) = preSolution
		Debug|Any CPU = Debug|Any CPU
		Release|Any CPU = Release|Any CPU
	EndGlobalSection
	GlobalSection(ProjectConfigurationPlatforms) = postSolution
		{9E51075C-D571-42F5-A311-0589231DBA9C}.Debug|Any CPU.ActiveCfg = Debug|Any CPU
		{9E51075C-D571-42F5-A311-0589231DBA9C}.Debug|Any CPU.Build.0 = Debug|Any CPU
		{9E51075C-D571-42F5-A311-0589231DBA9C}.Release|Any CPU.ActiveCfg = Release|Any CPU
		{9E51075C-D571-42F5-A311-0589231DBA9C}.Release|Any CPU.Build.0 = Release|Any CPU
		{F0BB0099-5016-4206-8385-312B9664DDEC}.Debug|Any CPU.ActiveCfg = Debug|Any CPU
		{F0BB0099-5016-4206-8385-312B9664DDEC}.Debug|Any CPU.Build.0 = Debug|Any CPU
		{F0BB0099-5016-4206-8385-312B9664DDEC}.Release|Any CPU.ActiveCfg = Release|Any CPU
		{F0BB0099-5016-4206-8385-312B9664DDEC}.Release|Any CPU.Build.0 = Release|Any CPU
		{0EF1D73F-E7A0-40B0-803B-7CE4B6B27112}.Debug|Any CPU.ActiveCfg = Debug|Any CPU
		{0EF1D73F-E7A0-40B0-803B-7CE4B6B27112}.Debug|Any CPU.Build.0 = Debug|Any CPU
		{0EF1D73F-E7A0-40B0-803B-7CE4B6B27112}.Release|Any CPU.ActiveCfg = Release|Any CPU
		{0EF1D73F-E7A0-40B0-803B-7CE4B6B27112}.Release|Any CPU.Build.0 = Release|Any CPU
		{750F795F-0C36-4CB3-9372-C4A5A716C635}.Debug|Any CPU.ActiveCfg = Debug|Any CPU
		{750F795F-0C36-4CB3-9372-C4A5A716C635}.Debug|Any CPU.Build.0 = Debug|Any CPU
		{750F795F-0C36-4CB3-9372-C4A5A716C635}.Release|Any CPU.ActiveCfg = Release|Any CPU
		{750F795F-0C36-4CB3-9372-C4A5A716C635}.Release|Any CPU.Build.0 = Release|Any CPU
		{FAE228AA-4917-4B02-B239-0A24DF883898}.Debug|Any CPU.ActiveCfg = Debug|Any CPU
		{FAE228AA-4917-4B02-B239-0A24DF883898}.Debug|Any CPU.Build.0 = Debug|Any CPU
		{FAE228AA-4917-4B02-B239-0A24DF883898}.Release|Any CPU.ActiveCfg = Release|Any CPU
		{FAE228AA-4917-4B02-B239-0A24DF883898}.Release|Any CPU.Build.0 = Release|Any CPU
		{90A1FD9F-6A85-4AD2-8523-1360034DCD76}.Debug|Any CPU.ActiveCfg = Debug|Any CPU
		{90A1FD9F-6A85-4AD2-8523-1360034DCD76}.Debug|Any CPU.Build.0 = Debug|Any CPU
		{90A1FD9F-6A85-4AD2-8523-1360034DCD76}.Release|Any CPU.ActiveCfg = Release|Any CPU
		{90A1FD9F-6A85-4AD2-8523-1360034DCD76}.Release|Any CPU.Build.0 = Release|Any CPU
		{93FAAE2F-13AA-46DF-A94B-36155B51EBFA}.Debug|Any CPU.ActiveCfg = Debug|Any CPU
		{93FAAE2F-13AA-46DF-A94B-36155B51EBFA}.Debug|Any CPU.Build.0 = Debug|Any CPU
		{93FAAE2F-13AA-46DF-A94B-36155B51EBFA}.Release|Any CPU.ActiveCfg = Release|Any CPU
		{93FAAE2F-13AA-46DF-A94B-36155B51EBFA}.Release|Any CPU.Build.0 = Release|Any CPU
		{C050AB68-0543-4A23-870C-2D07F872484B}.Debug|Any CPU.ActiveCfg = Debug|Any CPU
		{C050AB68-0543-4A23-870C-2D07F872484B}.Debug|Any CPU.Build.0 = Debug|Any CPU
		{C050AB68-0543-4A23-870C-2D07F872484B}.Release|Any CPU.ActiveCfg = Release|Any CPU
		{C050AB68-0543-4A23-870C-2D07F872484B}.Release|Any CPU.Build.0 = Release|Any CPU
		{006F1A29-952B-4264-8E91-0D445F74B183}.Debug|Any CPU.ActiveCfg = Debug|Any CPU
		{006F1A29-952B-4264-8E91-0D445F74B183}.Debug|Any CPU.Build.0 = Debug|Any CPU
		{006F1A29-952B-4264-8E91-0D445F74B183}.Release|Any CPU.ActiveCfg = Release|Any CPU
		{006F1A29-952B-4264-8E91-0D445F74B183}.Release|Any CPU.Build.0 = Release|Any CPU
		{5FF377F4-56C5-49D9-BA0A-1955A33C4902}.Debug|Any CPU.ActiveCfg = Debug|Any CPU
		{5FF377F4-56C5-49D9-BA0A-1955A33C4902}.Debug|Any CPU.Build.0 = Debug|Any CPU
		{5FF377F4-56C5-49D9-BA0A-1955A33C4902}.Release|Any CPU.ActiveCfg = Release|Any CPU
		{5FF377F4-56C5-49D9-BA0A-1955A33C4902}.Release|Any CPU.Build.0 = Release|Any CPU
		{987B6304-B4A6-4D57-ACC3-7209175286A6}.Debug|Any CPU.ActiveCfg = Debug|Any CPU
		{987B6304-B4A6-4D57-ACC3-7209175286A6}.Debug|Any CPU.Build.0 = Debug|Any CPU
		{987B6304-B4A6-4D57-ACC3-7209175286A6}.Release|Any CPU.ActiveCfg = Release|Any CPU
		{987B6304-B4A6-4D57-ACC3-7209175286A6}.Release|Any CPU.Build.0 = Release|Any CPU
		{C1FE065B-5750-4D15-84D8-77DF756C52D8}.Debug|Any CPU.ActiveCfg = Debug|Any CPU
		{C1FE065B-5750-4D15-84D8-77DF756C52D8}.Debug|Any CPU.Build.0 = Debug|Any CPU
		{C1FE065B-5750-4D15-84D8-77DF756C52D8}.Release|Any CPU.ActiveCfg = Release|Any CPU
		{C1FE065B-5750-4D15-84D8-77DF756C52D8}.Release|Any CPU.Build.0 = Release|Any CPU
		{347D0962-B422-4ACB-97AA-4BB78854A282}.Debug|Any CPU.ActiveCfg = Debug|Any CPU
		{347D0962-B422-4ACB-97AA-4BB78854A282}.Debug|Any CPU.Build.0 = Debug|Any CPU
		{347D0962-B422-4ACB-97AA-4BB78854A282}.Release|Any CPU.ActiveCfg = Release|Any CPU
		{347D0962-B422-4ACB-97AA-4BB78854A282}.Release|Any CPU.Build.0 = Release|Any CPU
		{692D27D9-2F4C-44A6-8D71-8B291E0DC1A3}.Debug|Any CPU.ActiveCfg = Debug|Any CPU
		{692D27D9-2F4C-44A6-8D71-8B291E0DC1A3}.Debug|Any CPU.Build.0 = Debug|Any CPU
		{692D27D9-2F4C-44A6-8D71-8B291E0DC1A3}.Release|Any CPU.ActiveCfg = Release|Any CPU
		{692D27D9-2F4C-44A6-8D71-8B291E0DC1A3}.Release|Any CPU.Build.0 = Release|Any CPU
		{30DE888B-A6B7-4528-AD89-324A7F9B0F4C}.Debug|Any CPU.ActiveCfg = Debug|Any CPU
		{30DE888B-A6B7-4528-AD89-324A7F9B0F4C}.Debug|Any CPU.Build.0 = Debug|Any CPU
		{30DE888B-A6B7-4528-AD89-324A7F9B0F4C}.Release|Any CPU.ActiveCfg = Release|Any CPU
		{30DE888B-A6B7-4528-AD89-324A7F9B0F4C}.Release|Any CPU.Build.0 = Release|Any CPU
		{BC953158-9584-45CF-BA13-10CE67348759}.Debug|Any CPU.ActiveCfg = Debug|Any CPU
		{BC953158-9584-45CF-BA13-10CE67348759}.Debug|Any CPU.Build.0 = Debug|Any CPU
		{BC953158-9584-45CF-BA13-10CE67348759}.Release|Any CPU.ActiveCfg = Release|Any CPU
		{BC953158-9584-45CF-BA13-10CE67348759}.Release|Any CPU.Build.0 = Release|Any CPU
		{1A788A14-70D7-4B2B-96A3-086C86D0C925}.Debug|Any CPU.ActiveCfg = Debug|Any CPU
		{1A788A14-70D7-4B2B-96A3-086C86D0C925}.Debug|Any CPU.Build.0 = Debug|Any CPU
		{1A788A14-70D7-4B2B-96A3-086C86D0C925}.Release|Any CPU.ActiveCfg = Release|Any CPU
		{1A788A14-70D7-4B2B-96A3-086C86D0C925}.Release|Any CPU.Build.0 = Release|Any CPU
	EndGlobalSection
	GlobalSection(SolutionProperties) = preSolution
		HideSolutionNode = FALSE
	EndGlobalSection
	GlobalSection(NestedProjects) = preSolution
		{0EF1D73F-E7A0-40B0-803B-7CE4B6B27112} = {A5268269-F5F0-4B28-A9B5-A2A86D45C916}
		{750F795F-0C36-4CB3-9372-C4A5A716C635} = {A5268269-F5F0-4B28-A9B5-A2A86D45C916}
		{FAE228AA-4917-4B02-B239-0A24DF883898} = {A5268269-F5F0-4B28-A9B5-A2A86D45C916}
		{90A1FD9F-6A85-4AD2-8523-1360034DCD76} = {A5268269-F5F0-4B28-A9B5-A2A86D45C916}
		{93FAAE2F-13AA-46DF-A94B-36155B51EBFA} = {A5268269-F5F0-4B28-A9B5-A2A86D45C916}
		{C050AB68-0543-4A23-870C-2D07F872484B} = {A5268269-F5F0-4B28-A9B5-A2A86D45C916}
		{006F1A29-952B-4264-8E91-0D445F74B183} = {A5268269-F5F0-4B28-A9B5-A2A86D45C916}
		{5FF377F4-56C5-49D9-BA0A-1955A33C4902} = {A5268269-F5F0-4B28-A9B5-A2A86D45C916}
		{C1FE065B-5750-4D15-84D8-77DF756C52D8} = {A5268269-F5F0-4B28-A9B5-A2A86D45C916}
		{347D0962-B422-4ACB-97AA-4BB78854A282} = {A5268269-F5F0-4B28-A9B5-A2A86D45C916}
		{692D27D9-2F4C-44A6-8D71-8B291E0DC1A3} = {A5268269-F5F0-4B28-A9B5-A2A86D45C916}
		{30DE888B-A6B7-4528-AD89-324A7F9B0F4C} = {8B46808F-ADCA-4536-B382-B4E5592D32D2}
		{BC953158-9584-45CF-BA13-10CE67348759} = {8B46808F-ADCA-4536-B382-B4E5592D32D2}
		{1A788A14-70D7-4B2B-96A3-086C86D0C925} = {8B46808F-ADCA-4536-B382-B4E5592D32D2}
	EndGlobalSection
EndGlobal
